
Microsoft Visual Studio Solution File, Format Version 12.00
# Visual Studio Version 17
VisualStudioVersion = 17.5.33424.131
MinimumVisualStudioVersion = 10.0.40219.1
Project("{2150E333-8FDC-42A3-9474-1A3956D46DE8}") = "01CSharpCreatePattern", "01CSharpCreatePattern", "{79303EE1-DE37-40D7-A969-7E97C7F56892}"
EndProject
Project("{2150E333-8FDC-42A3-9474-1A3956D46DE8}") = "02CSharpStructurePattern", "02CSharpStructurePattern", "{CDE42CFA-75CB-4284-8F3B-3D1B6B9361EC}"
EndProject
Project("{2150E333-8FDC-42A3-9474-1A3956D46DE8}") = "03CSharpBehaviorPattern", "03CSharpBehaviorPattern", "{F21975E6-BCAF-4FA4-8B13-CB54D1FA6B11}"
EndProject
Project("{9A19103F-16F7-4668-BE54-9A1E7A4F7556}") = "01Singleton", "01Singleton\01Singleton.csproj", "{98B5B5B5-6872-4070-88AE-44A579313E4D}"
EndProject
Project("{9A19103F-16F7-4668-BE54-9A1E7A4F7556}") = "02SimpleFactory", "02SimpleFactory\02SimpleFactory.csproj", "{BDBA897D-DD20-4154-B53C-FD09E36EDD4C}"
EndProject
Project("{9A19103F-16F7-4668-BE54-9A1E7A4F7556}") = "03FactoryMethod", "03FactoryMethod\03FactoryMethod.csproj", "{6B6DB93D-6450-405D-9C4D-DF9C5AC21D08}"
EndProject
Project("{9A19103F-16F7-4668-BE54-9A1E7A4F7556}") = "04AbstractFactory", "04AbstractFactory\04AbstractFactory.csproj", "{3494044D-C9C4-491C-958A-1E57ED148BAF}"
EndProject
Project("{9A19103F-16F7-4668-BE54-9A1E7A4F7556}") = "05Builder", "05Builder\05Builder.csproj", "{B4C233C0-D0EB-424D-891F-D2F456C793FE}"
EndProject
Project("{9A19103F-16F7-4668-BE54-9A1E7A4F7556}") = "06Prototype", "06Prototype\06Prototype.csproj", "{8C03219D-421E-4149-9E5F-33FA2A89CD56}"
EndProject
Project("{9A19103F-16F7-4668-BE54-9A1E7A4F7556}") = "07Adapter", "07Adapter\07Adapter.csproj", "{DE6E77C5-B84C-47CE-81D8-DEBCB0D49851}"
EndProject
Project("{9A19103F-16F7-4668-BE54-9A1E7A4F7556}") = "08Bridge", "08Bridge\08Bridge.csproj", "{ABC4234A-89A3-448B-89AB-018A7E6467DC}"
EndProject
Project("{9A19103F-16F7-4668-BE54-9A1E7A4F7556}") = "09Compsite", "09Compsite\09Compsite.csproj", "{7DA17B30-2C97-4B50-925B-1FA1E9AFC3A0}"
EndProject
Project("{9A19103F-16F7-4668-BE54-9A1E7A4F7556}") = "10Decorator", "10Decorator\10Decorator.csproj", "{431182B2-4E31-4F3B-8D22-D9E22453D08D}"
EndProject
Project("{9A19103F-16F7-4668-BE54-9A1E7A4F7556}") = "11Facade", "11Facade\11Facade.csproj", "{2234FC69-0C41-4180-BCB6-00FDF623BC52}"
EndProject
Project("{9A19103F-16F7-4668-BE54-9A1E7A4F7556}") = "12Flyweight", "12Flyweight\12Flyweight.csproj", "{CE1593C7-4CBE-447E-B866-8E1EE10AF82E}"
EndProject
Project("{9A19103F-16F7-4668-BE54-9A1E7A4F7556}") = "13Proxy", "13Proxy\13Proxy.csproj", "{CDE129EE-D2DB-4A48-9A1D-33B8D9C942CE}"
EndProject
Project("{9A19103F-16F7-4668-BE54-9A1E7A4F7556}") = "14Interpreter", "14Interpreter\14Interpreter.csproj", "{FF3A45DF-755A-4F3B-B6E0-2E2D13DA21B7}"
EndProject
Project("{9A19103F-16F7-4668-BE54-9A1E7A4F7556}") = "15Template", "15Template\15Template.csproj", "{CDFEF67D-0BC2-4850-BB06-16B3FF3E03CD}"
EndProject
Project("{9A19103F-16F7-4668-BE54-9A1E7A4F7556}") = "16Respon", "16Respon\16Respon.csproj", "{16560E49-9B2E-49B1-8D8C-46807C74FD22}"
EndProject
Project("{9A19103F-16F7-4668-BE54-9A1E7A4F7556}") = "17Command", "17Command\17Command.csproj", "{80067060-ECCF-4583-94A0-AD191F919BE8}"
EndProject
Project("{9A19103F-16F7-4668-BE54-9A1E7A4F7556}") = "18Iterator", "18Iterator\18Iterator.csproj", "{7CCB791B-BAD3-4F9A-BF60-017704C3DE1C}"
EndProject
Project("{9A19103F-16F7-4668-BE54-9A1E7A4F7556}") = "19Mediator", "19Mediator\19Mediator.csproj", "{A98FF00D-B8B3-464F-97E0-92AB98A4EE49}"
EndProject
Project("{9A19103F-16F7-4668-BE54-9A1E7A4F7556}") = "20Memento", "20Memento\20Memento.csproj", "{DDF0ED8B-B40B-48F2-875D-D010B882C8D2}"
EndProject
Project("{9A19103F-16F7-4668-BE54-9A1E7A4F7556}") = "21Observer", "21Observer\21Observer.csproj", "{948E9946-D12B-44F9-8594-01E7148C5AB7}"
EndProject
Project("{9A19103F-16F7-4668-BE54-9A1E7A4F7556}") = "22State", "22State\22State.csproj", "{81B083E4-C8C1-4E0A-BA2E-8F26185A8CCD}"
EndProject
Project("{9A19103F-16F7-4668-BE54-9A1E7A4F7556}") = "23Strategy", "23Strategy\23Strategy.csproj", "{83AA4C50-42F0-44DC-AD77-1830DAF18D30}"
EndProject
Project("{9A19103F-16F7-4668-BE54-9A1E7A4F7556}") = "24Visitor", "24Visitor\24Visitor.csproj", "{29B86B35-7C94-4FC2-9C37-73F668DD17D7}"
EndProject
Project("{2150E333-8FDC-42A3-9474-1A3956D46DE8}") = "04DesignerUnitTest", "04DesignerUnitTest", "{80A538ED-454E-49FC-86F4-6E8FCC9C592A}"
EndProject
Project("{2150E333-8FDC-42A3-9474-1A3956D46DE8}") = "01Singleton", "01Singleton", "{5941C6C9-CDCF-4246-B449-F0F998DE45B2}"
EndProject
Project("{9A19103F-16F7-4668-BE54-9A1E7A4F7556}") = "01LazySingleton", "25SingletonUnitTest\01LazySingleton\01LazySingleton.csproj", "{4450A57F-EF31-4C67-97B2-F48F41F91EA3}"
EndProject
Project("{9A19103F-16F7-4668-BE54-9A1E7A4F7556}") = "02HungrySingleton", "25SingletonUnitTest\02HungrySingleton\02HungrySingleton.csproj", "{B80DEEB2-ACBC-475B-B68A-A240E72050F9}"
EndProject
Project("{9A19103F-16F7-4668-BE54-9A1E7A4F7556}") = "03EnumSingleton", "25SingletonUnitTest\03EnumSingleton\03EnumSingleton.csproj", "{2960670F-30A9-4623-8C50-3C0DB9506603}"
EndProject
Project("{FAE04EC0-301F-11D3-BF4B-00C04F79EFBC}") = "04StaticInnerClassSingleton", "25SingletonUnitTest\04StaticInnerClassSingleton\04StaticInnerClassSingleton.csproj", "{3CA3D5BF-C2A9-4C81-A92F-7250E54BE812}"
EndProject
Project("{FAE04EC0-301F-11D3-BF4B-00C04F79EFBC}") = "05DoubleLockSingleton", "25SingletonUnitTest\05DoubleLockSingleton\05DoubleLockSingleton.csproj", "{2B6D7F77-8BB1-4D9E-9FE0-0C755D95D11D}"
EndProject
Project("{FAE04EC0-301F-11D3-BF4B-00C04F79EFBC}") = "06GenericSingleton", "25SingletonUnitTest\06GenericSingleton\06GenericSingleton.csproj", "{984CFAC2-BEA2-4459-BA2E-6BCD2ADCAD61}"
EndProject
Project("{FAE04EC0-301F-11D3-BF4B-00C04F79EFBC}") = "07RegistrySingleton", "25SingletonUnitTest\07RegistrySingleton\07RegistrySingleton.csproj", "{81E9C28C-3B1F-49FE-9982-30B7C8163D87}"
EndProject
Global
	GlobalSection(SolutionConfigurationPlatforms) = preSolution
		Debug|Any CPU = Debug|Any CPU
		Release|Any CPU = Release|Any CPU
	EndGlobalSection
	GlobalSection(ProjectConfigurationPlatforms) = postSolution
		{98B5B5B5-6872-4070-88AE-44A579313E4D}.Debug|Any CPU.ActiveCfg = Debug|Any CPU
		{98B5B5B5-6872-4070-88AE-44A579313E4D}.Debug|Any CPU.Build.0 = Debug|Any CPU
		{98B5B5B5-6872-4070-88AE-44A579313E4D}.Release|Any CPU.ActiveCfg = Release|Any CPU
		{98B5B5B5-6872-4070-88AE-44A579313E4D}.Release|Any CPU.Build.0 = Release|Any CPU
		{BDBA897D-DD20-4154-B53C-FD09E36EDD4C}.Debug|Any CPU.ActiveCfg = Debug|Any CPU
		{BDBA897D-DD20-4154-B53C-FD09E36EDD4C}.Debug|Any CPU.Build.0 = Debug|Any CPU
		{BDBA897D-DD20-4154-B53C-FD09E36EDD4C}.Release|Any CPU.ActiveCfg = Release|Any CPU
		{BDBA897D-DD20-4154-B53C-FD09E36EDD4C}.Release|Any CPU.Build.0 = Release|Any CPU
		{6B6DB93D-6450-405D-9C4D-DF9C5AC21D08}.Debug|Any CPU.ActiveCfg = Debug|Any CPU
		{6B6DB93D-6450-405D-9C4D-DF9C5AC21D08}.Debug|Any CPU.Build.0 = Debug|Any CPU
		{6B6DB93D-6450-405D-9C4D-DF9C5AC21D08}.Release|Any CPU.ActiveCfg = Release|Any CPU
		{6B6DB93D-6450-405D-9C4D-DF9C5AC21D08}.Release|Any CPU.Build.0 = Release|Any CPU
		{3494044D-C9C4-491C-958A-1E57ED148BAF}.Debug|Any CPU.ActiveCfg = Debug|Any CPU
		{3494044D-C9C4-491C-958A-1E57ED148BAF}.Debug|Any CPU.Build.0 = Debug|Any CPU
		{3494044D-C9C4-491C-958A-1E57ED148BAF}.Release|Any CPU.ActiveCfg = Release|Any CPU
		{3494044D-C9C4-491C-958A-1E57ED148BAF}.Release|Any CPU.Build.0 = Release|Any CPU
		{B4C233C0-D0EB-424D-891F-D2F456C793FE}.Debug|Any CPU.ActiveCfg = Debug|Any CPU
		{B4C233C0-D0EB-424D-891F-D2F456C793FE}.Debug|Any CPU.Build.0 = Debug|Any CPU
		{B4C233C0-D0EB-424D-891F-D2F456C793FE}.Release|Any CPU.ActiveCfg = Release|Any CPU
		{B4C233C0-D0EB-424D-891F-D2F456C793FE}.Release|Any CPU.Build.0 = Release|Any CPU
		{8C03219D-421E-4149-9E5F-33FA2A89CD56}.Debug|Any CPU.ActiveCfg = Debug|Any CPU
		{8C03219D-421E-4149-9E5F-33FA2A89CD56}.Debug|Any CPU.Build.0 = Debug|Any CPU
		{8C03219D-421E-4149-9E5F-33FA2A89CD56}.Release|Any CPU.ActiveCfg = Release|Any CPU
		{8C03219D-421E-4149-9E5F-33FA2A89CD56}.Release|Any CPU.Build.0 = Release|Any CPU
		{DE6E77C5-B84C-47CE-81D8-DEBCB0D49851}.Debug|Any CPU.ActiveCfg = Debug|Any CPU
		{DE6E77C5-B84C-47CE-81D8-DEBCB0D49851}.Debug|Any CPU.Build.0 = Debug|Any CPU
		{DE6E77C5-B84C-47CE-81D8-DEBCB0D49851}.Release|Any CPU.ActiveCfg = Release|Any CPU
		{DE6E77C5-B84C-47CE-81D8-DEBCB0D49851}.Release|Any CPU.Build.0 = Release|Any CPU
		{ABC4234A-89A3-448B-89AB-018A7E6467DC}.Debug|Any CPU.ActiveCfg = Debug|Any CPU
		{ABC4234A-89A3-448B-89AB-018A7E6467DC}.Debug|Any CPU.Build.0 = Debug|Any CPU
		{ABC4234A-89A3-448B-89AB-018A7E6467DC}.Release|Any CPU.ActiveCfg = Release|Any CPU
		{ABC4234A-89A3-448B-89AB-018A7E6467DC}.Release|Any CPU.Build.0 = Release|Any CPU
		{7DA17B30-2C97-4B50-925B-1FA1E9AFC3A0}.Debug|Any CPU.ActiveCfg = Debug|Any CPU
		{7DA17B30-2C97-4B50-925B-1FA1E9AFC3A0}.Debug|Any CPU.Build.0 = Debug|Any CPU
		{7DA17B30-2C97-4B50-925B-1FA1E9AFC3A0}.Release|Any CPU.ActiveCfg = Release|Any CPU
		{7DA17B30-2C97-4B50-925B-1FA1E9AFC3A0}.Release|Any CPU.Build.0 = Release|Any CPU
		{431182B2-4E31-4F3B-8D22-D9E22453D08D}.Debug|Any CPU.ActiveCfg = Debug|Any CPU
		{431182B2-4E31-4F3B-8D22-D9E22453D08D}.Debug|Any CPU.Build.0 = Debug|Any CPU
		{431182B2-4E31-4F3B-8D22-D9E22453D08D}.Release|Any CPU.ActiveCfg = Release|Any CPU
		{431182B2-4E31-4F3B-8D22-D9E22453D08D}.Release|Any CPU.Build.0 = Release|Any CPU
		{2234FC69-0C41-4180-BCB6-00FDF623BC52}.Debug|Any CPU.ActiveCfg = Debug|Any CPU
		{2234FC69-0C41-4180-BCB6-00FDF623BC52}.Debug|Any CPU.Build.0 = Debug|Any CPU
		{2234FC69-0C41-4180-BCB6-00FDF623BC52}.Release|Any CPU.ActiveCfg = Release|Any CPU
		{2234FC69-0C41-4180-BCB6-00FDF623BC52}.Release|Any CPU.Build.0 = Release|Any CPU
		{CE1593C7-4CBE-447E-B866-8E1EE10AF82E}.Debug|Any CPU.ActiveCfg = Debug|Any CPU
		{CE1593C7-4CBE-447E-B866-8E1EE10AF82E}.Debug|Any CPU.Build.0 = Debug|Any CPU
		{CE1593C7-4CBE-447E-B866-8E1EE10AF82E}.Release|Any CPU.ActiveCfg = Release|Any CPU
		{CE1593C7-4CBE-447E-B866-8E1EE10AF82E}.Release|Any CPU.Build.0 = Release|Any CPU
		{CDE129EE-D2DB-4A48-9A1D-33B8D9C942CE}.Debug|Any CPU.ActiveCfg = Debug|Any CPU
		{CDE129EE-D2DB-4A48-9A1D-33B8D9C942CE}.Debug|Any CPU.Build.0 = Debug|Any CPU
		{CDE129EE-D2DB-4A48-9A1D-33B8D9C942CE}.Release|Any CPU.ActiveCfg = Release|Any CPU
		{CDE129EE-D2DB-4A48-9A1D-33B8D9C942CE}.Release|Any CPU.Build.0 = Release|Any CPU
		{FF3A45DF-755A-4F3B-B6E0-2E2D13DA21B7}.Debug|Any CPU.ActiveCfg = Debug|Any CPU
		{FF3A45DF-755A-4F3B-B6E0-2E2D13DA21B7}.Debug|Any CPU.Build.0 = Debug|Any CPU
		{FF3A45DF-755A-4F3B-B6E0-2E2D13DA21B7}.Release|Any CPU.ActiveCfg = Release|Any CPU
		{FF3A45DF-755A-4F3B-B6E0-2E2D13DA21B7}.Release|Any CPU.Build.0 = Release|Any CPU
		{CDFEF67D-0BC2-4850-BB06-16B3FF3E03CD}.Debug|Any CPU.ActiveCfg = Debug|Any CPU
		{CDFEF67D-0BC2-4850-BB06-16B3FF3E03CD}.Debug|Any CPU.Build.0 = Debug|Any CPU
		{CDFEF67D-0BC2-4850-BB06-16B3FF3E03CD}.Release|Any CPU.ActiveCfg = Release|Any CPU
		{CDFEF67D-0BC2-4850-BB06-16B3FF3E03CD}.Release|Any CPU.Build.0 = Release|Any CPU
		{16560E49-9B2E-49B1-8D8C-46807C74FD22}.Debug|Any CPU.ActiveCfg = Debug|Any CPU
		{16560E49-9B2E-49B1-8D8C-46807C74FD22}.Debug|Any CPU.Build.0 = Debug|Any CPU
		{16560E49-9B2E-49B1-8D8C-46807C74FD22}.Release|Any CPU.ActiveCfg = Release|Any CPU
		{16560E49-9B2E-49B1-8D8C-46807C74FD22}.Release|Any CPU.Build.0 = Release|Any CPU
		{80067060-ECCF-4583-94A0-AD191F919BE8}.Debug|Any CPU.ActiveCfg = Debug|Any CPU
		{80067060-ECCF-4583-94A0-AD191F919BE8}.Debug|Any CPU.Build.0 = Debug|Any CPU
		{80067060-ECCF-4583-94A0-AD191F919BE8}.Release|Any CPU.ActiveCfg = Release|Any CPU
		{80067060-ECCF-4583-94A0-AD191F919BE8}.Release|Any CPU.Build.0 = Release|Any CPU
		{7CCB791B-BAD3-4F9A-BF60-017704C3DE1C}.Debug|Any CPU.ActiveCfg = Debug|Any CPU
		{7CCB791B-BAD3-4F9A-BF60-017704C3DE1C}.Debug|Any CPU.Build.0 = Debug|Any CPU
		{7CCB791B-BAD3-4F9A-BF60-017704C3DE1C}.Release|Any CPU.ActiveCfg = Release|Any CPU
		{7CCB791B-BAD3-4F9A-BF60-017704C3DE1C}.Release|Any CPU.Build.0 = Release|Any CPU
		{A98FF00D-B8B3-464F-97E0-92AB98A4EE49}.Debug|Any CPU.ActiveCfg = Debug|Any CPU
		{A98FF00D-B8B3-464F-97E0-92AB98A4EE49}.Debug|Any CPU.Build.0 = Debug|Any CPU
		{A98FF00D-B8B3-464F-97E0-92AB98A4EE49}.Release|Any CPU.ActiveCfg = Release|Any CPU
		{A98FF00D-B8B3-464F-97E0-92AB98A4EE49}.Release|Any CPU.Build.0 = Release|Any CPU
		{DDF0ED8B-B40B-48F2-875D-D010B882C8D2}.Debug|Any CPU.ActiveCfg = Debug|Any CPU
		{DDF0ED8B-B40B-48F2-875D-D010B882C8D2}.Debug|Any CPU.Build.0 = Debug|Any CPU
		{DDF0ED8B-B40B-48F2-875D-D010B882C8D2}.Release|Any CPU.ActiveCfg = Release|Any CPU
		{DDF0ED8B-B40B-48F2-875D-D010B882C8D2}.Release|Any CPU.Build.0 = Release|Any CPU
		{948E9946-D12B-44F9-8594-01E7148C5AB7}.Debug|Any CPU.ActiveCfg = Debug|Any CPU
		{948E9946-D12B-44F9-8594-01E7148C5AB7}.Debug|Any CPU.Build.0 = Debug|Any CPU
		{948E9946-D12B-44F9-8594-01E7148C5AB7}.Release|Any CPU.ActiveCfg = Release|Any CPU
		{948E9946-D12B-44F9-8594-01E7148C5AB7}.Release|Any CPU.Build.0 = Release|Any CPU
		{81B083E4-C8C1-4E0A-BA2E-8F26185A8CCD}.Debug|Any CPU.ActiveCfg = Debug|Any CPU
		{81B083E4-C8C1-4E0A-BA2E-8F26185A8CCD}.Debug|Any CPU.Build.0 = Debug|Any CPU
		{81B083E4-C8C1-4E0A-BA2E-8F26185A8CCD}.Release|Any CPU.ActiveCfg = Release|Any CPU
		{81B083E4-C8C1-4E0A-BA2E-8F26185A8CCD}.Release|Any CPU.Build.0 = Release|Any CPU
		{83AA4C50-42F0-44DC-AD77-1830DAF18D30}.Debug|Any CPU.ActiveCfg = Debug|Any CPU
		{83AA4C50-42F0-44DC-AD77-1830DAF18D30}.Debug|Any CPU.Build.0 = Debug|Any CPU
		{83AA4C50-42F0-44DC-AD77-1830DAF18D30}.Release|Any CPU.ActiveCfg = Release|Any CPU
		{83AA4C50-42F0-44DC-AD77-1830DAF18D30}.Release|Any CPU.Build.0 = Release|Any CPU
		{29B86B35-7C94-4FC2-9C37-73F668DD17D7}.Debug|Any CPU.ActiveCfg = Debug|Any CPU
		{29B86B35-7C94-4FC2-9C37-73F668DD17D7}.Debug|Any CPU.Build.0 = Debug|Any CPU
		{29B86B35-7C94-4FC2-9C37-73F668DD17D7}.Release|Any CPU.ActiveCfg = Release|Any CPU
		{29B86B35-7C94-4FC2-9C37-73F668DD17D7}.Release|Any CPU.Build.0 = Release|Any CPU
		{4450A57F-EF31-4C67-97B2-F48F41F91EA3}.Debug|Any CPU.ActiveCfg = Debug|Any CPU
		{4450A57F-EF31-4C67-97B2-F48F41F91EA3}.Debug|Any CPU.Build.0 = Debug|Any CPU
		{4450A57F-EF31-4C67-97B2-F48F41F91EA3}.Release|Any CPU.ActiveCfg = Release|Any CPU
		{4450A57F-EF31-4C67-97B2-F48F41F91EA3}.Release|Any CPU.Build.0 = Release|Any CPU
		{B80DEEB2-ACBC-475B-B68A-A240E72050F9}.Debug|Any CPU.ActiveCfg = Debug|Any CPU
		{B80DEEB2-ACBC-475B-B68A-A240E72050F9}.Debug|Any CPU.Build.0 = Debug|Any CPU
		{B80DEEB2-ACBC-475B-B68A-A240E72050F9}.Release|Any CPU.ActiveCfg = Release|Any CPU
		{B80DEEB2-ACBC-475B-B68A-A240E72050F9}.Release|Any CPU.Build.0 = Release|Any CPU
		{2960670F-30A9-4623-8C50-3C0DB9506603}.Debug|Any CPU.ActiveCfg = Debug|Any CPU
		{2960670F-30A9-4623-8C50-3C0DB9506603}.Debug|Any CPU.Build.0 = Debug|Any CPU
		{2960670F-30A9-4623-8C50-3C0DB9506603}.Release|Any CPU.ActiveCfg = Release|Any CPU
		{2960670F-30A9-4623-8C50-3C0DB9506603}.Release|Any CPU.Build.0 = Release|Any CPU
		{3CA3D5BF-C2A9-4C81-A92F-7250E54BE812}.Debug|Any CPU.ActiveCfg = Debug|Any CPU
		{3CA3D5BF-C2A9-4C81-A92F-7250E54BE812}.Debug|Any CPU.Build.0 = Debug|Any CPU
		{3CA3D5BF-C2A9-4C81-A92F-7250E54BE812}.Release|Any CPU.ActiveCfg = Release|Any CPU
		{3CA3D5BF-C2A9-4C81-A92F-7250E54BE812}.Release|Any CPU.Build.0 = Release|Any CPU
		{2B6D7F77-8BB1-4D9E-9FE0-0C755D95D11D}.Debug|Any CPU.ActiveCfg = Debug|Any CPU
		{2B6D7F77-8BB1-4D9E-9FE0-0C755D95D11D}.Debug|Any CPU.Build.0 = Debug|Any CPU
		{2B6D7F77-8BB1-4D9E-9FE0-0C755D95D11D}.Release|Any CPU.ActiveCfg = Release|Any CPU
		{2B6D7F77-8BB1-4D9E-9FE0-0C755D95D11D}.Release|Any CPU.Build.0 = Release|Any CPU
		{984CFAC2-BEA2-4459-BA2E-6BCD2ADCAD61}.Debug|Any CPU.ActiveCfg = Debug|Any CPU
		{984CFAC2-BEA2-4459-BA2E-6BCD2ADCAD61}.Debug|Any CPU.Build.0 = Debug|Any CPU
		{984CFAC2-BEA2-4459-BA2E-6BCD2ADCAD61}.Release|Any CPU.ActiveCfg = Release|Any CPU
		{984CFAC2-BEA2-4459-BA2E-6BCD2ADCAD61}.Release|Any CPU.Build.0 = Release|Any CPU
		{81E9C28C-3B1F-49FE-9982-30B7C8163D87}.Debug|Any CPU.ActiveCfg = Debug|Any CPU
		{81E9C28C-3B1F-49FE-9982-30B7C8163D87}.Debug|Any CPU.Build.0 = Debug|Any CPU
		{81E9C28C-3B1F-49FE-9982-30B7C8163D87}.Release|Any CPU.ActiveCfg = Release|Any CPU
		{81E9C28C-3B1F-49FE-9982-30B7C8163D87}.Release|Any CPU.Build.0 = Release|Any CPU
	EndGlobalSection
	GlobalSection(SolutionProperties) = preSolution
		HideSolutionNode = FALSE
	EndGlobalSection
	GlobalSection(NestedProjects) = preSolution
		{98B5B5B5-6872-4070-88AE-44A579313E4D} = {79303EE1-DE37-40D7-A969-7E97C7F56892}
		{BDBA897D-DD20-4154-B53C-FD09E36EDD4C} = {79303EE1-DE37-40D7-A969-7E97C7F56892}
		{6B6DB93D-6450-405D-9C4D-DF9C5AC21D08} = {79303EE1-DE37-40D7-A969-7E97C7F56892}
		{3494044D-C9C4-491C-958A-1E57ED148BAF} = {79303EE1-DE37-40D7-A969-7E97C7F56892}
		{B4C233C0-D0EB-424D-891F-D2F456C793FE} = {79303EE1-DE37-40D7-A969-7E97C7F56892}
		{8C03219D-421E-4149-9E5F-33FA2A89CD56} = {79303EE1-DE37-40D7-A969-7E97C7F56892}
		{DE6E77C5-B84C-47CE-81D8-DEBCB0D49851} = {CDE42CFA-75CB-4284-8F3B-3D1B6B9361EC}
		{ABC4234A-89A3-448B-89AB-018A7E6467DC} = {CDE42CFA-75CB-4284-8F3B-3D1B6B9361EC}
		{7DA17B30-2C97-4B50-925B-1FA1E9AFC3A0} = {CDE42CFA-75CB-4284-8F3B-3D1B6B9361EC}
		{431182B2-4E31-4F3B-8D22-D9E22453D08D} = {CDE42CFA-75CB-4284-8F3B-3D1B6B9361EC}
		{2234FC69-0C41-4180-BCB6-00FDF623BC52} = {CDE42CFA-75CB-4284-8F3B-3D1B6B9361EC}
		{CE1593C7-4CBE-447E-B866-8E1EE10AF82E} = {CDE42CFA-75CB-4284-8F3B-3D1B6B9361EC}
		{CDE129EE-D2DB-4A48-9A1D-33B8D9C942CE} = {CDE42CFA-75CB-4284-8F3B-3D1B6B9361EC}
		{FF3A45DF-755A-4F3B-B6E0-2E2D13DA21B7} = {F21975E6-BCAF-4FA4-8B13-CB54D1FA6B11}
		{CDFEF67D-0BC2-4850-BB06-16B3FF3E03CD} = {F21975E6-BCAF-4FA4-8B13-CB54D1FA6B11}
		{16560E49-9B2E-49B1-8D8C-46807C74FD22} = {F21975E6-BCAF-4FA4-8B13-CB54D1FA6B11}
		{80067060-ECCF-4583-94A0-AD191F919BE8} = {F21975E6-BCAF-4FA4-8B13-CB54D1FA6B11}
		{7CCB791B-BAD3-4F9A-BF60-017704C3DE1C} = {F21975E6-BCAF-4FA4-8B13-CB54D1FA6B11}
		{A98FF00D-B8B3-464F-97E0-92AB98A4EE49} = {F21975E6-BCAF-4FA4-8B13-CB54D1FA6B11}
		{DDF0ED8B-B40B-48F2-875D-D010B882C8D2} = {F21975E6-BCAF-4FA4-8B13-CB54D1FA6B11}
		{948E9946-D12B-44F9-8594-01E7148C5AB7} = {F21975E6-BCAF-4FA4-8B13-CB54D1FA6B11}
		{81B083E4-C8C1-4E0A-BA2E-8F26185A8CCD} = {F21975E6-BCAF-4FA4-8B13-CB54D1FA6B11}
		{83AA4C50-42F0-44DC-AD77-1830DAF18D30} = {F21975E6-BCAF-4FA4-8B13-CB54D1FA6B11}
		{29B86B35-7C94-4FC2-9C37-73F668DD17D7} = {F21975E6-BCAF-4FA4-8B13-CB54D1FA6B11}
		{5941C6C9-CDCF-4246-B449-F0F998DE45B2} = {80A538ED-454E-49FC-86F4-6E8FCC9C592A}
		{4450A57F-EF31-4C67-97B2-F48F41F91EA3} = {5941C6C9-CDCF-4246-B449-F0F998DE45B2}
		{B80DEEB2-ACBC-475B-B68A-A240E72050F9} = {5941C6C9-CDCF-4246-B449-F0F998DE45B2}
		{2960670F-30A9-4623-8C50-3C0DB9506603} = {5941C6C9-CDCF-4246-B449-F0F998DE45B2}
		{3CA3D5BF-C2A9-4C81-A92F-7250E54BE812} = {5941C6C9-CDCF-4246-B449-F0F998DE45B2}
		{2B6D7F77-8BB1-4D9E-9FE0-0C755D95D11D} = {5941C6C9-CDCF-4246-B449-F0F998DE45B2}
		{984CFAC2-BEA2-4459-BA2E-6BCD2ADCAD61} = {5941C6C9-CDCF-4246-B449-F0F998DE45B2}
		{81E9C28C-3B1F-49FE-9982-30B7C8163D87} = {5941C6C9-CDCF-4246-B449-F0F998DE45B2}
	EndGlobalSection
	GlobalSection(ExtensibilityGlobals) = postSolution
		SolutionGuid = {5248BFC1-9B64-488B-9A81-FF14F0A08F7F}
	EndGlobalSection
EndGlobal
